
Microsoft Visual Studio Solution File, Format Version 10.00
# Visual Studio 2008
Project("{FAE04EC0-301F-11D3-BF4B-00C04F79EFBC}") = "SocketsLibrary", "Library\SocketsLibrary.csproj", "{959D2956-E058-470C-B415-851FC334A00C}"
EndProject
Project("{FAE04EC0-301F-11D3-BF4B-00C04F79EFBC}") = "SocketsTester", "Tester\SocketsTester.csproj", "{34A58647-85AA-42F8-B272-3E76AE42F625}"
EndProject
Global
	GlobalSection(SolutionConfigurationPlatforms) = preSolution
		Debug|Any CPU = Debug|Any CPU
		Release|Any CPU = Release|Any CPU
	EndGlobalSection
	GlobalSection(ProjectConfigurationPlatforms) = postSolution
		{959D2956-E058-470C-B415-851FC334A00C}.Debug|Any CPU.ActiveCfg = Debug|Any CPU
		{959D2956-E058-470C-B415-851FC334A00C}.Debug|Any CPU.Build.0 = Debug|Any CPU
		{959D2956-E058-470C-B415-851FC334A00C}.Release|Any CPU.ActiveCfg = Release|Any CPU
		{959D2956-E058-470C-B415-851FC334A00C}.Release|Any CPU.Build.0 = Release|Any CPU
		{34A58647-85AA-42F8-B272-3E76AE42F625}.Debug|Any CPU.ActiveCfg = Debug|Any CPU
		{34A58647-85AA-42F8-B272-3E76AE42F625}.Debug|Any CPU.Build.0 = Debug|Any CPU
		{34A58647-85AA-42F8-B272-3E76AE42F625}.Release|Any CPU.ActiveCfg = Release|Any CPU
		{34A58647-85AA-42F8-B272-3E76AE42F625}.Release|Any CPU.Build.0 = Release|Any CPU
	EndGlobalSection
	GlobalSection(SolutionProperties) = preSolution
		HideSolutionNode = FALSE
	EndGlobalSection
EndGlobal
